
Microsoft Visual Studio Solution File, Format Version 12.00
# Visual Studio Version 17
VisualStudioVersion = 17.7.34221.43
MinimumVisualStudioVersion = 10.0.40219.1
Project("{9A19103F-16F7-4668-BE54-9A1E7A4F7556}") = "Template.Api", "Template.Api\Template.Api.csproj", "{071CFAC9-1D64-4183-9660-BAEF4C1BFF1A}"
EndProject
Project("{9A19103F-16F7-4668-BE54-9A1E7A4F7556}") = "Template.Api.Unit.Tests", "Template.Api.Unit.Tests\Template.Api.Unit.Tests.csproj", "{C3A84AC5-00D4-4FE5-872C-22835F994EFE}"
EndProject
Project("{9A19103F-16F7-4668-BE54-9A1E7A4F7556}") = "Template.Api.Dto", "Template.Api.Dto\Template.Api.Dto.csproj", "{6E2551B3-DFD7-4742-97FA-682F5BC5C822}"
EndProject
Project("{9A19103F-16F7-4668-BE54-9A1E7A4F7556}") = "Template.Api.Sdk", "Template.Api.Sdk\Template.Api.Sdk.csproj", "{EB6C3EA8-AEB5-4AD8-BE49-E0B311CBC624}"
EndProject
Project("{9A19103F-16F7-4668-BE54-9A1E7A4F7556}") = "Template.Api.Sdk.Unit.Tests", "Template.Api.Sdk.Unit.Tests\Template.Api.Sdk.Unit.Tests.csproj", "{359DD8F8-81F0-4CE5-B9C1-770D208534B8}"
EndProject
Project("{2150E333-8FDC-42A3-9474-1A3956D46DE8}") = "Template.Packaging", "Template.Packaging", "{636ABCE7-1A99-436E-B232-4383C9A39503}"
EndProject
Project("{FAE04EC0-301F-11D3-BF4B-00C04F79EFBC}") = "Custom.Api.Template", "Template.Packaging\Custom.Api.Template\Custom.Api.Template.csproj", "{2F249CFA-C7A3-4A70-8850-6EDB29428BDF}"
EndProject
Project("{00D1A9C2-B5F0-4AF3-8072-F6C62B433612}") = "Template.Api.Db", "Template.Api.Db\Template.Api.Db.sqlproj", "{C4AD8763-7D89-47BB-8785-E9C8FFEE383B}"
EndProject
Global
	GlobalSection(SolutionConfigurationPlatforms) = preSolution
		Debug|Any CPU = Debug|Any CPU
		Debug|arm64 = Debug|arm64
		Debug|x86 = Debug|x86
		Release|Any CPU = Release|Any CPU
		Release|arm64 = Release|arm64
		Release|x86 = Release|x86
	EndGlobalSection
	GlobalSection(ProjectConfigurationPlatforms) = postSolution
		{071CFAC9-1D64-4183-9660-BAEF4C1BFF1A}.Debug|Any CPU.ActiveCfg = Debug|Any CPU
		{071CFAC9-1D64-4183-9660-BAEF4C1BFF1A}.Debug|Any CPU.Build.0 = Debug|Any CPU
		{071CFAC9-1D64-4183-9660-BAEF4C1BFF1A}.Debug|arm64.ActiveCfg = Debug|Any CPU
		{071CFAC9-1D64-4183-9660-BAEF4C1BFF1A}.Debug|arm64.Build.0 = Debug|Any CPU
		{071CFAC9-1D64-4183-9660-BAEF4C1BFF1A}.Debug|x86.ActiveCfg = Debug|Any CPU
		{071CFAC9-1D64-4183-9660-BAEF4C1BFF1A}.Debug|x86.Build.0 = Debug|Any CPU
		{071CFAC9-1D64-4183-9660-BAEF4C1BFF1A}.Release|Any CPU.ActiveCfg = Release|Any CPU
		{071CFAC9-1D64-4183-9660-BAEF4C1BFF1A}.Release|Any CPU.Build.0 = Release|Any CPU
		{071CFAC9-1D64-4183-9660-BAEF4C1BFF1A}.Release|arm64.ActiveCfg = Release|Any CPU
		{071CFAC9-1D64-4183-9660-BAEF4C1BFF1A}.Release|arm64.Build.0 = Release|Any CPU
		{071CFAC9-1D64-4183-9660-BAEF4C1BFF1A}.Release|x86.ActiveCfg = Release|Any CPU
		{071CFAC9-1D64-4183-9660-BAEF4C1BFF1A}.Release|x86.Build.0 = Release|Any CPU
		{C3A84AC5-00D4-4FE5-872C-22835F994EFE}.Debug|Any CPU.ActiveCfg = Debug|Any CPU
		{C3A84AC5-00D4-4FE5-872C-22835F994EFE}.Debug|Any CPU.Build.0 = Debug|Any CPU
		{C3A84AC5-00D4-4FE5-872C-22835F994EFE}.Debug|arm64.ActiveCfg = Debug|Any CPU
		{C3A84AC5-00D4-4FE5-872C-22835F994EFE}.Debug|arm64.Build.0 = Debug|Any CPU
		{C3A84AC5-00D4-4FE5-872C-22835F994EFE}.Debug|x86.ActiveCfg = Debug|Any CPU
		{C3A84AC5-00D4-4FE5-872C-22835F994EFE}.Debug|x86.Build.0 = Debug|Any CPU
		{C3A84AC5-00D4-4FE5-872C-22835F994EFE}.Release|Any CPU.ActiveCfg = Release|Any CPU
		{C3A84AC5-00D4-4FE5-872C-22835F994EFE}.Release|Any CPU.Build.0 = Release|Any CPU
		{C3A84AC5-00D4-4FE5-872C-22835F994EFE}.Release|arm64.ActiveCfg = Release|Any CPU
		{C3A84AC5-00D4-4FE5-872C-22835F994EFE}.Release|arm64.Build.0 = Release|Any CPU
		{C3A84AC5-00D4-4FE5-872C-22835F994EFE}.Release|x86.ActiveCfg = Release|Any CPU
		{C3A84AC5-00D4-4FE5-872C-22835F994EFE}.Release|x86.Build.0 = Release|Any CPU
		{6E2551B3-DFD7-4742-97FA-682F5BC5C822}.Debug|Any CPU.ActiveCfg = Debug|Any CPU
		{6E2551B3-DFD7-4742-97FA-682F5BC5C822}.Debug|Any CPU.Build.0 = Debug|Any CPU
		{6E2551B3-DFD7-4742-97FA-682F5BC5C822}.Debug|arm64.ActiveCfg = Debug|Any CPU
		{6E2551B3-DFD7-4742-97FA-682F5BC5C822}.Debug|arm64.Build.0 = Debug|Any CPU
		{6E2551B3-DFD7-4742-97FA-682F5BC5C822}.Debug|x86.ActiveCfg = Debug|Any CPU
		{6E2551B3-DFD7-4742-97FA-682F5BC5C822}.Debug|x86.Build.0 = Debug|Any CPU
		{6E2551B3-DFD7-4742-97FA-682F5BC5C822}.Release|Any CPU.ActiveCfg = Release|Any CPU
		{6E2551B3-DFD7-4742-97FA-682F5BC5C822}.Release|Any CPU.Build.0 = Release|Any CPU
		{6E2551B3-DFD7-4742-97FA-682F5BC5C822}.Release|arm64.ActiveCfg = Release|Any CPU
		{6E2551B3-DFD7-4742-97FA-682F5BC5C822}.Release|arm64.Build.0 = Release|Any CPU
		{6E2551B3-DFD7-4742-97FA-682F5BC5C822}.Release|x86.ActiveCfg = Release|Any CPU
		{6E2551B3-DFD7-4742-97FA-682F5BC5C822}.Release|x86.Build.0 = Release|Any CPU
		{EB6C3EA8-AEB5-4AD8-BE49-E0B311CBC624}.Debug|Any CPU.ActiveCfg = Debug|Any CPU
		{EB6C3EA8-AEB5-4AD8-BE49-E0B311CBC624}.Debug|Any CPU.Build.0 = Debug|Any CPU
		{EB6C3EA8-AEB5-4AD8-BE49-E0B311CBC624}.Debug|arm64.ActiveCfg = Debug|Any CPU
		{EB6C3EA8-AEB5-4AD8-BE49-E0B311CBC624}.Debug|arm64.Build.0 = Debug|Any CPU
		{EB6C3EA8-AEB5-4AD8-BE49-E0B311CBC624}.Debug|x86.ActiveCfg = Debug|Any CPU
		{EB6C3EA8-AEB5-4AD8-BE49-E0B311CBC624}.Debug|x86.Build.0 = Debug|Any CPU
		{EB6C3EA8-AEB5-4AD8-BE49-E0B311CBC624}.Release|Any CPU.ActiveCfg = Release|Any CPU
		{EB6C3EA8-AEB5-4AD8-BE49-E0B311CBC624}.Release|Any CPU.Build.0 = Release|Any CPU
		{EB6C3EA8-AEB5-4AD8-BE49-E0B311CBC624}.Release|arm64.ActiveCfg = Release|Any CPU
		{EB6C3EA8-AEB5-4AD8-BE49-E0B311CBC624}.Release|arm64.Build.0 = Release|Any CPU
		{EB6C3EA8-AEB5-4AD8-BE49-E0B311CBC624}.Release|x86.ActiveCfg = Release|Any CPU
		{EB6C3EA8-AEB5-4AD8-BE49-E0B311CBC624}.Release|x86.Build.0 = Release|Any CPU
		{359DD8F8-81F0-4CE5-B9C1-770D208534B8}.Debug|Any CPU.ActiveCfg = Debug|Any CPU
		{359DD8F8-81F0-4CE5-B9C1-770D208534B8}.Debug|Any CPU.Build.0 = Debug|Any CPU
		{359DD8F8-81F0-4CE5-B9C1-770D208534B8}.Debug|arm64.ActiveCfg = Debug|Any CPU
		{359DD8F8-81F0-4CE5-B9C1-770D208534B8}.Debug|arm64.Build.0 = Debug|Any CPU
		{359DD8F8-81F0-4CE5-B9C1-770D208534B8}.Debug|x86.ActiveCfg = Debug|Any CPU
		{359DD8F8-81F0-4CE5-B9C1-770D208534B8}.Debug|x86.Build.0 = Debug|Any CPU
		{359DD8F8-81F0-4CE5-B9C1-770D208534B8}.Release|Any CPU.ActiveCfg = Release|Any CPU
		{359DD8F8-81F0-4CE5-B9C1-770D208534B8}.Release|Any CPU.Build.0 = Release|Any CPU
		{359DD8F8-81F0-4CE5-B9C1-770D208534B8}.Release|arm64.ActiveCfg = Release|Any CPU
		{359DD8F8-81F0-4CE5-B9C1-770D208534B8}.Release|arm64.Build.0 = Release|Any CPU
		{359DD8F8-81F0-4CE5-B9C1-770D208534B8}.Release|x86.ActiveCfg = Release|Any CPU
		{359DD8F8-81F0-4CE5-B9C1-770D208534B8}.Release|x86.Build.0 = Release|Any CPU
		{2F249CFA-C7A3-4A70-8850-6EDB29428BDF}.Debug|Any CPU.ActiveCfg = Debug|Any CPU
		{2F249CFA-C7A3-4A70-8850-6EDB29428BDF}.Debug|Any CPU.Build.0 = Debug|Any CPU
		{2F249CFA-C7A3-4A70-8850-6EDB29428BDF}.Debug|arm64.ActiveCfg = Debug|Any CPU
		{2F249CFA-C7A3-4A70-8850-6EDB29428BDF}.Debug|arm64.Build.0 = Debug|Any CPU
		{2F249CFA-C7A3-4A70-8850-6EDB29428BDF}.Debug|x86.ActiveCfg = Debug|Any CPU
		{2F249CFA-C7A3-4A70-8850-6EDB29428BDF}.Debug|x86.Build.0 = Debug|Any CPU
		{2F249CFA-C7A3-4A70-8850-6EDB29428BDF}.Release|Any CPU.ActiveCfg = Release|Any CPU
		{2F249CFA-C7A3-4A70-8850-6EDB29428BDF}.Release|Any CPU.Build.0 = Release|Any CPU
		{2F249CFA-C7A3-4A70-8850-6EDB29428BDF}.Release|arm64.ActiveCfg = Release|Any CPU
		{2F249CFA-C7A3-4A70-8850-6EDB29428BDF}.Release|arm64.Build.0 = Release|Any CPU
		{2F249CFA-C7A3-4A70-8850-6EDB29428BDF}.Release|x86.ActiveCfg = Release|Any CPU
		{2F249CFA-C7A3-4A70-8850-6EDB29428BDF}.Release|x86.Build.0 = Release|Any CPU
		{C4AD8763-7D89-47BB-8785-E9C8FFEE383B}.Debug|Any CPU.ActiveCfg = Debug|Any CPU
		{C4AD8763-7D89-47BB-8785-E9C8FFEE383B}.Debug|Any CPU.Build.0 = Debug|Any CPU
		{C4AD8763-7D89-47BB-8785-E9C8FFEE383B}.Debug|Any CPU.Deploy.0 = Debug|Any CPU
		{C4AD8763-7D89-47BB-8785-E9C8FFEE383B}.Debug|arm64.ActiveCfg = Debug|Any CPU
		{C4AD8763-7D89-47BB-8785-E9C8FFEE383B}.Debug|arm64.Build.0 = Debug|Any CPU
		{C4AD8763-7D89-47BB-8785-E9C8FFEE383B}.Debug|arm64.Deploy.0 = Debug|Any CPU
		{C4AD8763-7D89-47BB-8785-E9C8FFEE383B}.Debug|x86.ActiveCfg = Debug|Any CPU
		{C4AD8763-7D89-47BB-8785-E9C8FFEE383B}.Debug|x86.Build.0 = Debug|Any CPU
		{C4AD8763-7D89-47BB-8785-E9C8FFEE383B}.Debug|x86.Deploy.0 = Debug|Any CPU
		{C4AD8763-7D89-47BB-8785-E9C8FFEE383B}.Release|Any CPU.ActiveCfg = Release|Any CPU
		{C4AD8763-7D89-47BB-8785-E9C8FFEE383B}.Release|Any CPU.Build.0 = Release|Any CPU
		{C4AD8763-7D89-47BB-8785-E9C8FFEE383B}.Release|Any CPU.Deploy.0 = Release|Any CPU
		{C4AD8763-7D89-47BB-8785-E9C8FFEE383B}.Release|arm64.ActiveCfg = Release|Any CPU
		{C4AD8763-7D89-47BB-8785-E9C8FFEE383B}.Release|arm64.Build.0 = Release|Any CPU
		{C4AD8763-7D89-47BB-8785-E9C8FFEE383B}.Release|arm64.Deploy.0 = Release|Any CPU
		{C4AD8763-7D89-47BB-8785-E9C8FFEE383B}.Release|x86.ActiveCfg = Release|Any CPU
		{C4AD8763-7D89-47BB-8785-E9C8FFEE383B}.Release|x86.Build.0 = Release|Any CPU
		{C4AD8763-7D89-47BB-8785-E9C8FFEE383B}.Release|x86.Deploy.0 = Release|Any CPU
	EndGlobalSection
	GlobalSection(SolutionProperties) = preSolution
		HideSolutionNode = FALSE
	EndGlobalSection
	GlobalSection(NestedProjects) = preSolution
		{2F249CFA-C7A3-4A70-8850-6EDB29428BDF} = {636ABCE7-1A99-436E-B232-4383C9A39503}
	EndGlobalSection
	GlobalSection(ExtensibilityGlobals) = postSolution
		SolutionGuid = {037A1ED5-4221-440F-AABE-D2CD3D8AFE6A}
	EndGlobalSection
EndGlobal
